# This file is automatically @generated by Cargo.
# It is not intended for manual editing.
version = 3

[[package]]
name = "base64"
version = "0.12.3"
source = "registry+https://github.com/rust-lang/crates.io-index"
checksum = "3441f0f7b02788e948e47f457ca01f1d7e6d92c693bc132c22b087d3141c03ff"

[[package]]
name = "custom_error"
version = "1.7.1"
source = "registry+https://github.com/rust-lang/crates.io-index"
checksum = "93a0fc65739ae998afc8d68e64bdac2efd1bc4ffa1a0703d171ef2defae3792f"

[[package]]
name = "itoa"
version = "0.4.5"
source = "registry+https://github.com/rust-lang/crates.io-index"
checksum = "b8b7a7c0c47db5545ed3fef7468ee7bb5b74691498139e4b3f6a20685dc6dd8e"

[[package]]
name = "mediaproxy-common"
version = "0.2.0"
dependencies = [
 "base64",
 "custom_error",
 "serde",
 "serde_json",
]

[[package]]
name = "proc-macro2"
version = "1.0.42"
source = "registry+https://github.com/rust-lang/crates.io-index"
checksum = "c278e965f1d8cf32d6e0e96de3d3e79712178ae67986d9cf9151f51e95aac89b"
dependencies = [
 "unicode-ident",
]

[[package]]
name = "quote"
version = "1.0.4"
source = "registry+https://github.com/rust-lang/crates.io-index"
checksum = "4c1f4b0efa5fc5e8ceb705136bfee52cfdb6a4e3509f770b478cd6ed434232a7"
dependencies = [
 "proc-macro2",
]

[[package]]
name = "ryu"
version = "1.0.4"
source = "registry+https://github.com/rust-lang/crates.io-index"
checksum = "ed3d612bc64430efeb3f7ee6ef26d590dce0c43249217bddc62112540c7941e1"

[[package]]
name = "serde"
version = "1.0.141"
source = "registry+https://github.com/rust-lang/crates.io-index"
checksum = "7af873f2c95b99fcb0bd0fe622a43e29514658873c8ceba88c4cb88833a22500"
dependencies = [
 "serde_derive",
]

[[package]]
name = "serde_derive"
version = "1.0.141"
source = "registry+https://github.com/rust-lang/crates.io-index"
checksum = "75743a150d003dd863b51dc809bcad0d73f2102c53632f1e954e738192a3413f"
dependencies = [
 "proc-macro2",
 "quote",
 "syn",
]

[[package]]
name = "serde_json"
version = "1.0.56"
source = "registry+https://github.com/rust-lang/crates.io-index"
checksum = "3433e879a558dde8b5e8feb2a04899cf34fdde1fafb894687e52105fc1162ac3"
dependencies = [
 "itoa",
 "ryu",
 "serde",
]

[[package]]
name = "syn"
version = "1.0.98"
source = "registry+https://github.com/rust-lang/crates.io-index"
checksum = "c50aef8a904de4c23c788f104b7dddc7d6f79c647c7c8ce4cc8f73eb0ca773dd"
dependencies = [
 "proc-macro2",
 "quote",
 "unicode-ident",
]

[[package]]
name = "unicode-ident"
version = "1.0.2"
source = "registry+https://github.com/rust-lang/crates.io-index"
checksum = "15c61ba63f9235225a22310255a29b806b907c9b8c964bcbd0a2c70f3f2deea7"
